
Microsoft Visual Studio Solution File, Format Version 12.00
# Visual Studio Version 17
VisualStudioVersion = 17.2.32616.157
MinimumVisualStudioVersion = 10.0.40219.1
Project("{FAE04EC0-301F-11D3-BF4B-00C04F79EFBC}") = "PenghuTraveler", "PenghuTraveler\PenghuTraveler.csproj", "{8DF444CE-DAA9-49EF-8F48-30D8C5CD54CA}"
EndProject
Global
	GlobalSection(SolutionConfigurationPlatforms) = preSolution
		Debug|Any CPU = Debug|Any CPU
		Release|Any CPU = Release|Any CPU
	EndGlobalSection
	GlobalSection(ProjectConfigurationPlatforms) = postSolution
		{8DF444CE-DAA9-49EF-8F48-30D8C5CD54CA}.Debug|Any CPU.ActiveCfg = Debug|Any CPU
		{8DF444CE-DAA9-49EF-8F48-30D8C5CD54CA}.Debug|Any CPU.Build.0 = Debug|Any CPU
		{8DF444CE-DAA9-49EF-8F48-30D8C5CD54CA}.Release|Any CPU.ActiveCfg = Release|Any CPU
		{8DF444CE-DAA9-49EF-8F48-30D8C5CD54CA}.Release|Any CPU.Build.0 = Release|Any CPU
	EndGlobalSection
	GlobalSection(SolutionProperties) = preSolution
		HideSolutionNode = FALSE
	EndGlobalSection
	GlobalSection(ExtensibilityGlobals) = postSolution
		SolutionGuid = {F0A8653F-0514-416E-9371-F2AA574CE336}
	EndGlobalSection
EndGlobal
